
Microsoft Visual Studio Solution File, Format Version 12.00
# Visual Studio Version 17
VisualStudioVersion = 17.5.33516.290
MinimumVisualStudioVersion = 10.0.40219.1
Project("{FAE04EC0-301F-11D3-BF4B-00C04F79EFBC}") = "CacauShowApp", "CacauShowApp\CacauShowApp.csproj", "{193A1E02-ACF4-4394-BCEB-95BE0F4B2280}"
EndProject
Global
	GlobalSection(SolutionConfigurationPlatforms) = preSolution
		Debug|Any CPU = Debug|Any CPU
		Release|Any CPU = Release|Any CPU
	EndGlobalSection
	GlobalSection(ProjectConfigurationPlatforms) = postSolution
		{193A1E02-ACF4-4394-BCEB-95BE0F4B2280}.Debug|Any CPU.ActiveCfg = Debug|Any CPU
		{193A1E02-ACF4-4394-BCEB-95BE0F4B2280}.Debug|Any CPU.Build.0 = Debug|Any CPU
		{193A1E02-ACF4-4394-BCEB-95BE0F4B2280}.Release|Any CPU.ActiveCfg = Release|Any CPU
		{193A1E02-ACF4-4394-BCEB-95BE0F4B2280}.Release|Any CPU.Build.0 = Release|Any CPU
	EndGlobalSection
	GlobalSection(SolutionProperties) = preSolution
		HideSolutionNode = FALSE
	EndGlobalSection
	GlobalSection(ExtensibilityGlobals) = postSolution
		SolutionGuid = {70973BD5-9974-4FD2-A8AF-8C09867509E3}
	EndGlobalSection
EndGlobal
